
Microsoft Visual Studio Solution File, Format Version 12.00
# Visual Studio 14
VisualStudioVersion = 14.0.25123.0
MinimumVisualStudioVersion = 10.0.40219.1
Project("{FAE04EC0-301F-11D3-BF4B-00C04F79EFBC}") = "Task01.Logic", "Task01.Logic\Task01.Logic.csproj", "{B39503B3-1703-405F-ACD6-B0E07C8D1EBA}"
EndProject
Project("{FAE04EC0-301F-11D3-BF4B-00C04F79EFBC}") = "Task02.Logic", "Task02.Logic\Task02.Logic.csproj", "{EF04DDBF-0097-4415-9F92-E7604D774288}"
EndProject
Project("{FAE04EC0-301F-11D3-BF4B-00C04F79EFBC}") = "Task03.Logic", "Task03.Logic\Task03.Logic.csproj", "{C0BBCC2C-C620-4D46-B739-8DA977D3735E}"
EndProject
Project("{FAE04EC0-301F-11D3-BF4B-00C04F79EFBC}") = "Task01.NUnitTests", "Task01.NUnitTests\Task01.NUnitTests.csproj", "{FF726179-6B55-48E7-A5E3-1EA503AA2AD9}"
EndProject
Global
	GlobalSection(SolutionConfigurationPlatforms) = preSolution
		Debug|Any CPU = Debug|Any CPU
		Release|Any CPU = Release|Any CPU
	EndGlobalSection
	GlobalSection(ProjectConfigurationPlatforms) = postSolution
		{B39503B3-1703-405F-ACD6-B0E07C8D1EBA}.Debug|Any CPU.ActiveCfg = Debug|Any CPU
		{B39503B3-1703-405F-ACD6-B0E07C8D1EBA}.Debug|Any CPU.Build.0 = Debug|Any CPU
		{B39503B3-1703-405F-ACD6-B0E07C8D1EBA}.Release|Any CPU.ActiveCfg = Release|Any CPU
		{B39503B3-1703-405F-ACD6-B0E07C8D1EBA}.Release|Any CPU.Build.0 = Release|Any CPU
		{EF04DDBF-0097-4415-9F92-E7604D774288}.Debug|Any CPU.ActiveCfg = Debug|Any CPU
		{EF04DDBF-0097-4415-9F92-E7604D774288}.Debug|Any CPU.Build.0 = Debug|Any CPU
		{EF04DDBF-0097-4415-9F92-E7604D774288}.Release|Any CPU.ActiveCfg = Release|Any CPU
		{EF04DDBF-0097-4415-9F92-E7604D774288}.Release|Any CPU.Build.0 = Release|Any CPU
		{C0BBCC2C-C620-4D46-B739-8DA977D3735E}.Debug|Any CPU.ActiveCfg = Debug|Any CPU
		{C0BBCC2C-C620-4D46-B739-8DA977D3735E}.Debug|Any CPU.Build.0 = Debug|Any CPU
		{C0BBCC2C-C620-4D46-B739-8DA977D3735E}.Release|Any CPU.ActiveCfg = Release|Any CPU
		{C0BBCC2C-C620-4D46-B739-8DA977D3735E}.Release|Any CPU.Build.0 = Release|Any CPU
		{FF726179-6B55-48E7-A5E3-1EA503AA2AD9}.Debug|Any CPU.ActiveCfg = Debug|Any CPU
		{FF726179-6B55-48E7-A5E3-1EA503AA2AD9}.Debug|Any CPU.Build.0 = Debug|Any CPU
		{FF726179-6B55-48E7-A5E3-1EA503AA2AD9}.Release|Any CPU.ActiveCfg = Release|Any CPU
		{FF726179-6B55-48E7-A5E3-1EA503AA2AD9}.Release|Any CPU.Build.0 = Release|Any CPU
	EndGlobalSection
	GlobalSection(SolutionProperties) = preSolution
		HideSolutionNode = FALSE
	EndGlobalSection
EndGlobal
